
Microsoft Visual Studio Solution File, Format Version 12.00
# Visual Studio Version 17
VisualStudioVersion = 17.12.35527.113 d17.12
MinimumVisualStudioVersion = 10.0.40219.1
Project("{FAE04EC0-301F-11D3-BF4B-00C04F79EFBC}") = "reserv-plt.Server", "reserv-plt.Server\reserv-plt.Server.csproj", "{DA136A9F-3E1C-4563-B56E-7DE5E896A0F7}"
EndProject
Project("{54A90642-561A-4BB1-A94E-469ADEE60C69}") = "reserv-plt.client", "reserv-plt.client\reserv-plt.client.esproj", "{E6D522B5-7ED7-4FBD-AB48-CAB31D1CE560}"
EndProject
Global
	GlobalSection(SolutionConfigurationPlatforms) = preSolution
		Debug|Any CPU = Debug|Any CPU
		Release|Any CPU = Release|Any CPU
	EndGlobalSection
	GlobalSection(ProjectConfigurationPlatforms) = postSolution
		{DA136A9F-3E1C-4563-B56E-7DE5E896A0F7}.Debug|Any CPU.ActiveCfg = Debug|Any CPU
		{DA136A9F-3E1C-4563-B56E-7DE5E896A0F7}.Debug|Any CPU.Build.0 = Debug|Any CPU
		{DA136A9F-3E1C-4563-B56E-7DE5E896A0F7}.Release|Any CPU.ActiveCfg = Release|Any CPU
		{DA136A9F-3E1C-4563-B56E-7DE5E896A0F7}.Release|Any CPU.Build.0 = Release|Any CPU
		{E6D522B5-7ED7-4FBD-AB48-CAB31D1CE560}.Debug|Any CPU.ActiveCfg = Debug|Any CPU
		{E6D522B5-7ED7-4FBD-AB48-CAB31D1CE560}.Debug|Any CPU.Build.0 = Debug|Any CPU
		{E6D522B5-7ED7-4FBD-AB48-CAB31D1CE560}.Debug|Any CPU.Deploy.0 = Debug|Any CPU
		{E6D522B5-7ED7-4FBD-AB48-CAB31D1CE560}.Release|Any CPU.ActiveCfg = Release|Any CPU
		{E6D522B5-7ED7-4FBD-AB48-CAB31D1CE560}.Release|Any CPU.Build.0 = Release|Any CPU
		{E6D522B5-7ED7-4FBD-AB48-CAB31D1CE560}.Release|Any CPU.Deploy.0 = Release|Any CPU
	EndGlobalSection
	GlobalSection(SolutionProperties) = preSolution
		HideSolutionNode = FALSE
	EndGlobalSection
EndGlobal
